# THIS IS AN AUTOGENERATED FILE. DO NOT EDIT THIS FILE DIRECTLY.
# yarn lockfile v1


"@ant-design/colors@^5.0.0":
  version "5.0.1"
  resolved "https://registry.yarnpkg.com/@ant-design/colors/-/colors-5.0.1.tgz#09670f2f44a7473d7bc01be901c48ec10f12c7a4"
  integrity sha512-x1TUaRILaqy3zgFNo+kIqOa3eTYPt81H1/3E4dCjDP4Qvk/xaPEizLDFdRUcIx0cWwyu2LklwfyLHWpbYK8v6A==
  dependencies:
    "@ctrl/tinycolor" "^3.3.1"

"@ant-design/icons-svg@^4.0.0":
  version "4.1.0"
  resolved "https://registry.yarnpkg.com/@ant-design/icons-svg/-/icons-svg-4.1.0.tgz#480b025f4b20ef7fe8f47d4a4846e4fee84ea06c"
  integrity sha512-Fi03PfuUqRs76aI3UWYpP864lkrfPo0hluwGqh7NJdLhvH4iRDc3jbJqZIvRDLHKbXrvAfPPV3+zjUccfFvWOQ==

"@ant-design/icons@^4.2.2", "@ant-design/icons@^4.3.0":
  version "4.3.0"
  resolved "https://registry.yarnpkg.com/@ant-design/icons/-/icons-4.3.0.tgz#420e0cd527486c0fe57f81310d681950fc4cfacf"
  integrity sha512-UoIbw4oz/L/msbkgqs2nls2KP7XNKScOxVR54wRrWwnXOzJaGNwwSdYjHQz+5ETf8C53YPpzMOnRX99LFCdeIQ==
  dependencies:
    "@ant-design/colors" "^5.0.0"
    "@ant-design/icons-svg" "^4.0.0"
    "@babel/runtime" "^7.11.2"
    classnames "^2.2.6"
    insert-css "^2.0.0"
    rc-util "^5.0.1"

"@ant-design/react-slick@~0.27.0":
  version "0.27.14"
  resolved "https://registry.yarnpkg.com/@ant-design/react-slick/-/react-slick-0.27.14.tgz#a1082c4734e57c7ba9c41d035375f5bf577f3b5e"
  integrity sha512-s6JVexqFmU5rs5Pm828ojtm5rCp8jDXyrc5OxEtCE2z58SIyQlkpnU9BJh98LEeBZyj02WFkGN8CWpSaD+G4PA==
  dependencies:
    "@babel/runtime" "^7.10.4"
    classnames "^2.2.5"
    json2mq "^0.2.0"
    lodash "^4.17.15"
    resize-observer-polyfill "^1.5.0"

"@babel/runtime@^7.10.1", "@babel/runtime@^7.10.2", "@babel/runtime@^7.10.4", "@babel/runtime@^7.11.1", "@babel/runtime@^7.11.2", "@babel/runtime@^7.8.4":
  version "7.12.5"
  resolved "https://registry.yarnpkg.com/@babel/runtime/-/runtime-7.12.5.tgz#410e7e487441e1b360c29be715d870d9b985882e"
  integrity sha512-plcc+hbExy3McchJCEQG3knOsuh3HH+Prx1P6cLIkET/0dLuQDEnrT+s27Axgc9bqfsmNUNHfscgMUdBpC9xfg==
  dependencies:
    regenerator-runtime "^0.13.4"

"@ctrl/tinycolor@^3.3.1":
  version "3.3.1"
  resolved "https://registry.yarnpkg.com/@ctrl/tinycolor/-/tinycolor-3.3.1.tgz#fa0efcf813daa43f8a6aef3ddaa80f7e66f1278e"
  integrity sha512-jUJrjU62MUgHDSu5JfONfgRM2V7GfN5KknsygfIbxwRZXGeayIzxk4O9GiYgEAr9DG5HJThTF5+a5x3wtrOKzQ==

antd@^4.9.4:
  version "4.9.4"
  resolved "https://registry.yarnpkg.com/antd/-/antd-4.9.4.tgz#129092bc4a67c774145cb2450e4046d27a1acbb1"
  integrity sha512-kieGi1Isb/ddnn9E/AJVFCUgSZIqDv6HtFg7r5WWI0s6zf+nfCOtpes0oX8TdHO6mE/dL39pJG52aHNe8MwkJg==
  dependencies:
    "@ant-design/colors" "^5.0.0"
    "@ant-design/icons" "^4.3.0"
    "@ant-design/react-slick" "~0.27.0"
    "@babel/runtime" "^7.11.2"
    array-tree-filter "^2.1.0"
    classnames "^2.2.6"
    copy-to-clipboard "^3.2.0"
    lodash "^4.17.20"
    moment "^2.25.3"
    omit.js "^2.0.2"
    rc-cascader "~1.4.0"
    rc-checkbox "~2.3.0"
    rc-collapse "~3.1.0"
    rc-dialog "~8.4.0"
    rc-drawer "~4.1.0"
    rc-dropdown "~3.2.0"
    rc-field-form "~1.17.0"
    rc-image "~4.2.0"
    rc-input-number "~6.1.0"
    rc-mentions "~1.5.0"
    rc-menu "~8.10.0"
    rc-motion "^2.4.0"
    rc-notification "~4.5.2"
    rc-pagination "~3.1.2"
    rc-picker "~2.4.1"
    rc-progress "~3.1.0"
    rc-rate "~2.9.0"
    rc-resize-observer "^0.2.3"
    rc-select "~11.5.3"
    rc-slider "~9.6.1"
    rc-steps "~4.1.0"
    rc-switch "~3.2.0"
    rc-table "~7.11.0"
    rc-tabs "~11.7.0"
    rc-textarea "~0.3.0"
    rc-tooltip "~5.0.0"
    rc-tree "~4.0.0"
    rc-tree-select "~4.2.0"
    rc-upload "~3.3.1"
    rc-util "^5.1.0"
    scroll-into-view-if-needed "^2.2.25"
    warning "^4.0.3"

array-tree-filter@^2.1.0:
  version "2.1.0"
  resolved "https://registry.yarnpkg.com/array-tree-filter/-/array-tree-filter-2.1.0.tgz#873ac00fec83749f255ac8dd083814b4f6329190"
  integrity sha512-4ROwICNlNw/Hqa9v+rk5h22KjmzB1JGTMVKP2AKJBOCgb0yL0ASf0+YvCcLNNwquOHNX48jkeZIJ3a+oOQqKcw==

async-validator@^3.0.3:
  version "3.5.1"
  resolved "https://registry.yarnpkg.com/async-validator/-/async-validator-3.5.1.tgz#cd62b9688b2465f48420e27adb47760ab1b5559f"
  integrity sha512-DDmKA7sdSAJtTVeNZHrnr2yojfFaoeW8MfQN8CeuXg8DDQHTqKk9Fdv38dSvnesHoO8MUwMI2HphOeSyIF+wmQ==

classnames@2.x, classnames@^2.2.1, classnames@^2.2.3, classnames@^2.2.5, classnames@^2.2.6:
  version "2.2.6"
  resolved "https://registry.yarnpkg.com/classnames/-/classnames-2.2.6.tgz#43935bffdd291f326dad0a205309b38d00f650ce"
  integrity sha512-JR/iSQOSt+LQIWwrwEzJ9uk0xfN3mTVYMwt1Ir5mUcSN6pU+V4zQFFaJsclJbPuAUQH+yfWef6tm7l1quW3C8Q==

compute-scroll-into-view@^1.0.16:
  version "1.0.16"
  resolved "https://registry.yarnpkg.com/compute-scroll-into-view/-/compute-scroll-into-view-1.0.16.tgz#5b7bf4f7127ea2c19b750353d7ce6776a90ee088"
  integrity sha512-a85LHKY81oQnikatZYA90pufpZ6sQx++BoCxOEMsjpZx+ZnaKGQnCyCehTRr/1p9GBIAHTjcU9k71kSYWloLiQ==

copy-to-clipboard@^3.2.0:
  version "3.3.1"
  resolved "https://registry.yarnpkg.com/copy-to-clipboard/-/copy-to-clipboard-3.3.1.tgz#115aa1a9998ffab6196f93076ad6da3b913662ae"
  integrity sha512-i13qo6kIHTTpCm8/Wup+0b1mVWETvu2kIMzKoK8FpkLkFxlt0znUAHcMzox+T8sPlqtZXq3CulEjQHsYiGFJUw==
  dependencies:
    toggle-selection "^1.0.6"

date-fns@^2.15.0:
  version "2.16.1"
  resolved "https://registry.yarnpkg.com/date-fns/-/date-fns-2.16.1.tgz#05775792c3f3331da812af253e1a935851d3834b"
  integrity sha512-sAJVKx/FqrLYHAQeN7VpJrPhagZc9R4ImZIWYRFZaaohR3KzmuK88touwsSwSVT8Qcbd4zoDsnGfX4GFB4imyQ==

dayjs@^1.8.30:
  version "1.9.7"
  resolved "https://registry.yarnpkg.com/dayjs/-/dayjs-1.9.7.tgz#4b260bb17dceed2d5f29038dfee03c65a6786fc0"
  integrity sha512-IC877KBdMhBrCfBfJXHQlo0G8keZ0Opy7YIIq5QKtUbCuHMzim8S4PyiVK4YmihI3iOF9lhfUBW4AQWHTR5WHA==

dom-align@^1.7.0:
  version "1.12.0"
  resolved "https://registry.yarnpkg.com/dom-align/-/dom-align-1.12.0.tgz#56fb7156df0b91099830364d2d48f88963f5a29c"
  integrity sha512-YkoezQuhp3SLFGdOlr5xkqZ640iXrnHAwVYcDg8ZKRUtO7mSzSC2BA5V0VuyAwPSJA4CLIc6EDDJh4bEsD2+zA==

hoist-non-react-statics@^3.3.2:
  version "3.3.2"
  resolved "https://registry.yarnpkg.com/hoist-non-react-statics/-/hoist-non-react-statics-3.3.2.tgz#ece0acaf71d62c2969c2ec59feff42a4b1a85b45"
  integrity sha512-/gGivxi8JPKWNm/W0jSmzcMPpfpPLc3dY/6GxhX2hQ9iGj3aDfklV4ET7NjKpSinLpJ5vafa9iiGIEZg10SfBw==
  dependencies:
    react-is "^16.7.0"

insert-css@^2.0.0:
  version "2.0.0"
  resolved "https://registry.yarnpkg.com/insert-css/-/insert-css-2.0.0.tgz#eb5d1097b7542f4c79ea3060d3aee07d053880f4"
  integrity sha1-610Ql7dUL0x56jBg067gfQU4gPQ=

"js-tokens@^3.0.0 || ^4.0.0":
  version "4.0.0"
  resolved "https://registry.yarnpkg.com/js-tokens/-/js-tokens-4.0.0.tgz#19203fb59991df98e3a287050d4647cdeaf32499"
  integrity sha512-RdJUflcE3cUzKiMqQgsCu06FPu9UdIJO0beYbPhHN4k6apgJtifcoCtT9bcxOpYBtpD2kCM6Sbzg4CausW/PKQ==

json2mq@^0.2.0:
  version "0.2.0"
  resolved "https://registry.yarnpkg.com/json2mq/-/json2mq-0.2.0.tgz#b637bd3ba9eabe122c83e9720483aeb10d2c904a"
  integrity sha1-tje9O6nqvhIsg+lyBIOusQ0skEo=
  dependencies:
    string-convert "^0.2.0"

lodash@^4.17.15, lodash@^4.17.20:
  version "4.17.20"
  resolved "https://registry.yarnpkg.com/lodash/-/lodash-4.17.20.tgz#b44a9b6297bcb698f1c51a3545a2b3b368d59c52"
  integrity sha512-PlhdFcillOINfeV7Ni6oF1TAEayyZBoZ8bcshTHqOYJYlrqzRK5hagpagky5o4HfCzzd1TRkXPMFq6cKk9rGmA==

loose-envify@^1.0.0, loose-envify@^1.1.0:
  version "1.4.0"
  resolved "https://registry.yarnpkg.com/loose-envify/-/loose-envify-1.4.0.tgz#71ee51fa7be4caec1a63839f7e682d8132d30caf"
  integrity sha512-lyuxPGr/Wfhrlem2CL/UcnUc1zcqKAImBDzukY7Y5F/yQiNdko6+fRLevlw1HgMySw7f611UIY408EtxRSoK3Q==
  dependencies:
    js-tokens "^3.0.0 || ^4.0.0"

mini-store@^3.0.1:
  version "3.0.6"
  resolved "https://registry.yarnpkg.com/mini-store/-/mini-store-3.0.6.tgz#44b86be5b2877271224ce0689b3a35a2dffb1ca9"
  integrity sha512-YzffKHbYsMQGUWQRKdsearR79QsMzzJcDDmZKlJBqt5JNkqpyJHYlK6gP61O36X+sLf76sO9G6mhKBe83gIZIQ==
  dependencies:
    hoist-non-react-statics "^3.3.2"
    shallowequal "^1.0.2"

moment@^2.24.0, moment@^2.25.3:
  version "2.29.1"
  resolved "https://registry.yarnpkg.com/moment/-/moment-2.29.1.tgz#b2be769fa31940be9eeea6469c075e35006fa3d3"
  integrity sha512-kHmoybcPV8Sqy59DwNDY3Jefr64lK/by/da0ViFcuA4DH0vQg5Q6Ze5VimxkfQNSC+Mls/Kx53s7TjP1RhFEDQ==

object-assign@^4.1.1:
  version "4.1.1"
  resolved "https://registry.yarnpkg.com/object-assign/-/object-assign-4.1.1.tgz#2109adc7965887cfc05cbbd442cac8bfbb360863"
  integrity sha1-IQmtx5ZYh8/AXLvUQsrIv7s2CGM=

omit.js@^2.0.0, omit.js@^2.0.2:
  version "2.0.2"
  resolved "https://registry.yarnpkg.com/omit.js/-/omit.js-2.0.2.tgz#dd9b8436fab947a5f3ff214cb2538631e313ec2f"
  integrity sha512-hJmu9D+bNB40YpL9jYebQl4lsTW6yEHRTroJzNLqQJYHm7c+NQnJGfZmIWh8S3q3KoaxV1aLhV6B3+0N0/kyJg==

rc-align@^4.0.0:
  version "4.0.9"
  resolved "https://registry.yarnpkg.com/rc-align/-/rc-align-4.0.9.tgz#46d8801c4a139ff6a65ad1674e8efceac98f85f2"
  integrity sha512-myAM2R4qoB6LqBul0leaqY8gFaiECDJ3MtQDmzDo9xM9NRT/04TvWOYd2YHU9zvGzqk9QXF6S9/MifzSKDZeMw==
  dependencies:
    "@babel/runtime" "^7.10.1"
    classnames "2.x"
    dom-align "^1.7.0"
    rc-util "^5.3.0"
    resize-observer-polyfill "^1.5.1"

rc-cascader@~1.4.0:
  version "1.4.0"
  resolved "https://registry.yarnpkg.com/rc-cascader/-/rc-cascader-1.4.0.tgz#d731ea8e07433558627941036091a2820e895474"
  integrity sha512-6kgQljDQEKjVAVRkZtvvoi+2qv4u42M6oLuvt4ZDBa16r3X9ZN8TAq3atVyC840ivbGKlHT50OcdVx/iwiHc1w==
  dependencies:
    array-tree-filter "^2.1.0"
    rc-trigger "^5.0.4"
    rc-util "^5.0.1"
    warning "^4.0.1"

rc-checkbox@~2.3.0:
  version "2.3.2"
  resolved "https://registry.yarnpkg.com/rc-checkbox/-/rc-checkbox-2.3.2.tgz#f91b3678c7edb2baa8121c9483c664fa6f0aefc1"
  integrity sha512-afVi1FYiGv1U0JlpNH/UaEXdh6WUJjcWokj/nUN2TgG80bfG+MDdbfHKlLcNNba94mbjy2/SXJ1HDgrOkXGAjg==
  dependencies:
    "@babel/runtime" "^7.10.1"
    classnames "^2.2.1"

rc-collapse@~3.1.0:
  version "3.1.0"
  resolved "https://registry.yarnpkg.com/rc-collapse/-/rc-collapse-3.1.0.tgz#4ce5e612568c5fbeaf368cc39214471c1461a1a1"
  integrity sha512-EwpNPJcLe7b+5JfyaxM9ZNnkCgqArt3QQO0Cr5p5plwz/C9h8liAmjYY5I4+hl9lAjBqb7ZwLu94+z+rt5g1WQ==
  dependencies:
    "@babel/runtime" "^7.10.1"
    classnames "2.x"
    rc-motion "^2.3.4"
    rc-util "^5.2.1"
    shallowequal "^1.1.0"

rc-dialog@~8.4.0:
  version "8.4.6"
  resolved "https://registry.yarnpkg.com/rc-dialog/-/rc-dialog-8.4.6.tgz#6a0ff815539b68e705cb9d2fc940a381039d113f"
  integrity sha512-tTWp54h4zoCNoZFtTz+z1pOQYZCMsYazVEmHXJxWGOr3TgZmL/j9Wl81oKXW5PfqQ5g5JJjbUdKf72n+V+uvwA==
  dependencies:
    "@babel/runtime" "^7.10.1"
    classnames "^2.2.6"
    rc-motion "^2.3.0"
    rc-util "^5.0.1"

rc-drawer@~4.1.0:
  version "4.1.0"
  resolved "https://registry.yarnpkg.com/rc-drawer/-/rc-drawer-4.1.0.tgz#d7bf0bc030300b62d282bc04e053b9acad6b08b4"
  integrity sha512-kjeQFngPjdzAFahNIV0EvEBoIKMOnvUsAxpkSPELoD/1DuR4nLafom5ryma+TIxGwkFJ92W6yjsMi1U9aiOTeQ==
  dependencies:
    "@babel/runtime" "^7.10.1"
    classnames "^2.2.6"
    rc-util "^5.0.1"

rc-dropdown@^3.1.3, rc-dropdown@~3.2.0:
  version "3.2.0"
  resolved "https://registry.yarnpkg.com/rc-dropdown/-/rc-dropdown-3.2.0.tgz#da6c2ada403842baee3a9e909a0b1a91ba3e1090"
  integrity sha512-j1HSw+/QqlhxyTEF6BArVZnTmezw2LnSmRk6I9W7BCqNCKaRwleRmMMs1PHbuaG8dKHVqP6e21RQ7vPBLVnnNw==
  dependencies:
    "@babel/runtime" "^7.10.1"
    classnames "^2.2.6"
    rc-trigger "^5.0.4"

rc-field-form@~1.17.0:
  version "1.17.3"
  resolved "https://registry.yarnpkg.com/rc-field-form/-/rc-field-form-1.17.3.tgz#593d31c51071d4f6ba40d73b9f8018848230577c"
  integrity sha512-EocLncL7uDkxAGywqbtDXe6r8xbru9Yz94JHY7X6XsIdc8sAIGzafMYFaX0hHuwBGbvo7mv7L74cGCuD7xK5Fw==
  dependencies:
    "@babel/runtime" "^7.8.4"
    async-validator "^3.0.3"
    rc-util "^5.0.0"

rc-image@~4.2.0:
  version "4.2.0"
  resolved "https://registry.yarnpkg.com/rc-image/-/rc-image-4.2.0.tgz#3b7a977f9ecfbac046296c2908d99cb1f8795c65"
  integrity sha512-yGqq6wPrIn86hMfC1Hl7M3NNS6zqnl9dvFWJg/StuI86jZBU0rm9rePTfKs+4uiwU3HXxpfsXlaG2p8GWRDLiw==
  dependencies:
    "@ant-design/icons" "^4.2.2"
    "@babel/runtime" "^7.11.2"
    classnames "^2.2.6"
    rc-dialog "~8.4.0"
    rc-util "^5.0.6"

rc-input-number@~6.1.0:
  version "6.1.2"
  resolved "https://registry.yarnpkg.com/rc-input-number/-/rc-input-number-6.1.2.tgz#6663eda0ae6b75e464e63df375d29308cebb0ed8"
  integrity sha512-UvP0tpOUeGetx6caS8RzBs3Du+NwPUn9ijQ3LeR1jOmzjXNuXvv58U6hvIXSHx/4ulPleQ5BAQP/aLTsFB4yGw==
  dependencies:
    "@babel/runtime" "^7.10.1"
    classnames "^2.2.5"
    rc-util "^5.0.1"

rc-mentions@~1.5.0:
  version "1.5.2"
  resolved "https://registry.yarnpkg.com/rc-mentions/-/rc-mentions-1.5.2.tgz#94559a369de73e7cc92f343badaf94499fb410a7"
  integrity sha512-GqV0tOtHY3pLpOsFCxJ2i6Ad8AVfxFmz0NlD/8rb8IG8pMpthJKcdfnXlNZRx3Fa9O4YEgJpdSY1WEbmlx2DWQ==
  dependencies:
    "@babel/runtime" "^7.10.1"
    classnames "^2.2.6"
    rc-menu "^8.0.1"
    rc-textarea "^0.3.0"
    rc-trigger "^5.0.4"
    rc-util "^5.0.1"

rc-menu@^8.0.1, rc-menu@^8.6.1, rc-menu@~8.10.0:
  version "8.10.1"
  resolved "https://registry.yarnpkg.com/rc-menu/-/rc-menu-8.10.1.tgz#5637d85760ea6bd6ead49f44ae29686c5cc59798"
  integrity sha512-HmTOLPkSrz5RcdDopD4+nI95YXR2DzdSq9ek3NX2EVgD1UHknlp1QAEJ5MompYdAqdtOspJUqgM/zNt0iQALOw==
  dependencies:
    "@babel/runtime" "^7.10.1"
    classnames "2.x"
    mini-store "^3.0.1"
    omit.js "^2.0.0"
    rc-motion "^2.0.1"
    rc-trigger "^5.1.2"
    rc-util "^5.5.0"
    resize-observer-polyfill "^1.5.0"
    shallowequal "^1.1.0"

rc-motion@^2.0.0, rc-motion@^2.0.1, rc-motion@^2.2.0, rc-motion@^2.3.0, rc-motion@^2.3.4, rc-motion@^2.4.0:
  version "2.4.1"
  resolved "https://registry.yarnpkg.com/rc-motion/-/rc-motion-2.4.1.tgz#323f47c8635e6b2bc0cba2dfad25fc415b58e1dc"
  integrity sha512-TWLvymfMu8SngPx5MDH8dQ0D2RYbluNTfam4hY/dNNx9RQ3WtGuZ/GXHi2ymLMzH+UNd6EEFYkOuR5JTTtm8Xg==
  dependencies:
    "@babel/runtime" "^7.11.1"
    classnames "^2.2.1"
    rc-util "^5.2.1"

rc-notification@~4.5.2:
  version "4.5.4"
  resolved "https://registry.yarnpkg.com/rc-notification/-/rc-notification-4.5.4.tgz#1292e163003db4b9162c856a4630e5d0f1359356"
  integrity sha512-VsN0ouF4uglE5g3C9oDsXLNYX0Sz++ZNUFYCswkxhpImYJ9u6nJOpyA71uOYDVCu6bAF54Y5Hi/b+EcnMzkepg==
  dependencies:
    "@babel/runtime" "^7.10.1"
    classnames "2.x"
    rc-motion "^2.2.0"
    rc-util "^5.0.1"

rc-pagination@~3.1.2:
  version "3.1.2"
  resolved "https://registry.yarnpkg.com/rc-pagination/-/rc-pagination-3.1.2.tgz#ab5eacd9c51f869e350d2245064babe91bc1f046"
  integrity sha512-KbJvkTvRiD51vTIAi0oTARPUHNb0iV6njbDBe8yLkc3PWYDJaszASfuss6YJ98EIxEeGzuEk6xsUAEKWRJgz2g==
  dependencies:
    "@babel/runtime" "^7.10.1"
    classnames "^2.2.1"

rc-picker@~2.4.1:
  version "2.4.3"
  resolved "https://registry.yarnpkg.com/rc-picker/-/rc-picker-2.4.3.tgz#ad15ee1d85e4b3e213ec66215ecd39e6a09be995"
  integrity sha512-tOIHslTQKpoGNmbpp6YOBwS39dQSvtAuhOm3bWCkkc4jCqUqeR/velCwqefZX1BX4+t1gUMc1dIia9XvOKrEkg==
  dependencies:
    "@babel/runtime" "^7.10.1"
    classnames "^2.2.1"
    date-fns "^2.15.0"
    dayjs "^1.8.30"
    moment "^2.24.0"
    rc-trigger "^5.0.4"
    rc-util "^5.4.0"
    shallowequal "^1.1.0"

rc-progress@~3.1.0:
  version "3.1.1"
  resolved "https://registry.yarnpkg.com/rc-progress/-/rc-progress-3.1.1.tgz#f7ba5eb33cc438862513ab5a71739feaf6b3ef4f"
  integrity sha512-1ns3pW7ll9bHfdXtlVLF+vngdvlxiCDtiqwXnZFEdurst11JTiPxVdeqnCNbhWx5hP4kCKkAPqG1N0FVfTSUGA==
  dependencies:
    "@babel/runtime" "^7.10.1"
    classnames "^2.2.6"

rc-rate@~2.9.0:
  version "2.9.1"
  resolved "https://registry.yarnpkg.com/rc-rate/-/rc-rate-2.9.1.tgz#e43cb95c4eb90a2c1e0b16ec6614d8c43530a731"
  integrity sha512-MmIU7FT8W4LYRRHJD1sgG366qKtSaKb67D0/vVvJYR0lrCuRrCiVQ5qhfT5ghVO4wuVIORGpZs7ZKaYu+KMUzA==
  dependencies:
    "@babel/runtime" "^7.10.1"
    classnames "^2.2.5"
    rc-util "^5.0.1"

rc-resize-observer@^0.2.0, rc-resize-observer@^0.2.1, rc-resize-observer@^0.2.3:
  version "0.2.6"
  resolved "https://registry.yarnpkg.com/rc-resize-observer/-/rc-resize-observer-0.2.6.tgz#c1b642f6d1293e34c4e3715f47f69443a167b825"
  integrity sha512-YX6nYnd6fk7zbuvT6oSDMKiZjyngjHoy+fz+vL3Tez38d/G5iGdaDJa2yE7345G6sc4Mm1IGRUIwclvltddhmA==
  dependencies:
    "@babel/runtime" "^7.10.1"
    classnames "^2.2.1"
    rc-util "^5.0.0"
    resize-observer-polyfill "^1.5.1"

rc-select@^11.1.1, rc-select@~11.5.3:
  version "11.5.3"
  resolved "https://registry.yarnpkg.com/rc-select/-/rc-select-11.5.3.tgz#682913f3669596fb794e2b4a5c619974c5ab45d1"
  integrity sha512-ASSO4J/ayfbQQ+KOEounIMGhySDHpQtrIuH1WEABOBy8HgKec8kOLmyLH+YIXSUDnTf/gtxmflgFtl7sQ9pkSw==
  dependencies:
    "@babel/runtime" "^7.10.1"
    classnames "2.x"
    rc-motion "^2.0.1"
    rc-trigger "^5.0.4"
    rc-util "^5.0.1"
    rc-virtual-list "^3.2.0"
    warning "^4.0.3"

rc-slider@~9.6.1:
  version "9.6.5"
  resolved "https://registry.yarnpkg.com/rc-slider/-/rc-slider-9.6.5.tgz#826cd7ba69d87c48b258baa3422a25b7f8c5620c"
  integrity sha512-XRUJDK668hy8MwGnHzZlXCQXXIOUnEs4m2vwk1jgDILVBxI0GwGOlC6T499pYY+NEWg8YgdCOAucFs/+X5WHpg==
  dependencies:
    "@babel/runtime" "^7.10.1"
    classnames "^2.2.5"
    rc-tooltip "^5.0.1"
    rc-util "^5.0.0"
    shallowequal "^1.1.0"

rc-steps@~4.1.0:
  version "4.1.3"
  resolved "https://registry.yarnpkg.com/rc-steps/-/rc-steps-4.1.3.tgz#208580e22db619e3830ddb7fa41bc886c65d9803"
  integrity sha512-GXrMfWQOhN3sVze3JnzNboHpQdNHcdFubOETUHyDpa/U3HEKBZC3xJ8XK4paBgF4OJ3bdUVLC+uBPc6dCxvDYA==
  dependencies:
    "@babel/runtime" "^7.10.2"
    classnames "^2.2.3"
    rc-util "^5.0.1"

rc-switch@~3.2.0:
  version "3.2.2"
  resolved "https://registry.yarnpkg.com/rc-switch/-/rc-switch-3.2.2.tgz#d001f77f12664d52595b4f6fb425dd9e66fba8e8"
  integrity sha512-+gUJClsZZzvAHGy1vZfnwySxj+MjLlGRyXKXScrtCTcmiYNPzxDFOxdQ/3pK1Kt/0POvwJ/6ALOR8gwdXGhs+A==
  dependencies:
    "@babel/runtime" "^7.10.1"
    classnames "^2.2.1"
    rc-util "^5.0.1"

rc-table@~7.11.0:
  version "7.11.3"
  resolved "https://registry.yarnpkg.com/rc-table/-/rc-table-7.11.3.tgz#a352a222664b1b746f872fb35c67a67934d73eab"
  integrity sha512-YyZry1CdqUrcH7MmWtLQZVvVZWbmTEbI5m650AZ+zYw4D5VF701samkMYl5z/H9yQFr+ugvDtXcya+e3vwRkMQ==
  dependencies:
    "@babel/runtime" "^7.10.1"
    classnames "^2.2.5"
    rc-resize-observer "^0.2.0"
    rc-util "^5.4.0"
    shallowequal "^1.1.0"

rc-tabs@~11.7.0:
  version "11.7.2"
  resolved "https://registry.yarnpkg.com/rc-tabs/-/rc-tabs-11.7.2.tgz#d9443e471859b9dad81dc70abbdaefe40b1db5ab"
  integrity sha512-2M/XE4TdecnjsDylJSs49OmjJuDuix3VmSiNaPd50PMqFc+dc4fEof3J8/ad12enicVOcsH4BEQEms//Kn4DBw==
  dependencies:
    "@babel/runtime" "^7.11.2"
    classnames "2.x"
    rc-dropdown "^3.1.3"
    rc-menu "^8.6.1"
    rc-resize-observer "^0.2.1"
    rc-util "^5.5.0"

rc-textarea@^0.3.0, rc-textarea@~0.3.0:
  version "0.3.2"
  resolved "https://registry.yarnpkg.com/rc-textarea/-/rc-textarea-0.3.2.tgz#3f1ca16525261f89120c28e6b5e6d60c072a3ef9"
  integrity sha512-569hiqCtkZFCcxBpKLM+IdnjZDQCFoy7RlQ4bkked0wp9uh+ofgk5zuQNJPiPyMYzpKYRlYeZgJ1bnK/8Po0Sg==
  dependencies:
    "@babel/runtime" "^7.10.1"
    classnames "^2.2.1"
    omit.js "^2.0.0"
    rc-resize-observer "^0.2.3"

rc-tooltip@^5.0.1, rc-tooltip@~5.0.0:
  version "5.0.1"
  resolved "https://registry.yarnpkg.com/rc-tooltip/-/rc-tooltip-5.0.1.tgz#b82c4259604d2cb62ca610ed7932dd37fc6ef61d"
  integrity sha512-3AnxhUS0j74xAV3khrKw8o6rg+Ima3nw09DJBezMPnX3ImQUAnayWsPSlN1mEnihjA43rcFkGM1emiKE+CXyMQ==
  dependencies:
    "@babel/runtime" "^7.11.2"
    rc-trigger "^5.0.0"

rc-tree-select@~4.2.0:
  version "4.2.0"
  resolved "https://registry.yarnpkg.com/rc-tree-select/-/rc-tree-select-4.2.0.tgz#ca19163b2ccfe0772fd7b8148266dddd197d0fe1"
  integrity sha512-VrrvBiOov6WR44RTGMqSw1Dmodg6Y++EH6a6R0ew43qsV4Ob0FGYRgoX811kImtt2Z+oAPJ6zZXN4WKtsQd3Gw==
  dependencies:
    "@babel/runtime" "^7.10.1"
    classnames "2.x"
    rc-select "^11.1.1"
    rc-tree "^4.0.0"
    rc-util "^5.0.5"

rc-tree@^4.0.0, rc-tree@~4.0.0:
  version "4.0.0"
  resolved "https://registry.yarnpkg.com/rc-tree/-/rc-tree-4.0.0.tgz#2f972b4a5e23ea17df05ec9f7ec43de350bea3bf"
  integrity sha512-C2xlkA+/IypkHBPzbpAJGVWJh2HjeRbYCusA/m5k09WT6hQT0nC7LtLVmnb7QZecdBQPhoOgQh8gPwBR+xEMjQ==
  dependencies:
    "@babel/runtime" "^7.10.1"
    classnames "2.x"
    rc-motion "^2.0.1"
    rc-util "^5.0.0"
    rc-virtual-list "^3.0.1"

rc-trigger@^5.0.0, rc-trigger@^5.0.4, rc-trigger@^5.1.2:
  version "5.2.0"
  resolved "https://registry.yarnpkg.com/rc-trigger/-/rc-trigger-5.2.0.tgz#a17f1a5cba6b8faff62e658a5c9a21f97af2ef06"
  integrity sha512-fpC1ZkM/IgIIDfF6XHx3Hb2zXy9wvdI5eMh+6DdLygk6Z3HGmkri6ZCXg9a0wfF9AFuzlYTeBLS1uRASZRsnMQ==
  dependencies:
    "@babel/runtime" "^7.11.2"
    classnames "^2.2.6"
    rc-align "^4.0.0"
    rc-motion "^2.0.0"
    rc-util "^5.5.0"

rc-upload@~3.3.1:
  version "3.3.4"
  resolved "https://registry.yarnpkg.com/rc-upload/-/rc-upload-3.3.4.tgz#b0668d18661595c69c0621cec220fd116cc79952"
  integrity sha512-v2sirR4JL31UTHD/f0LGUdd+tpFaOVUTPeIEjAXRP9kRN8TFhqOgcXl5ixtyqj90FmtRUmKmafCv0EmhBQUHqQ==
  dependencies:
    "@babel/runtime" "^7.10.1"
    classnames "^2.2.5"
    rc-util "^5.2.0"

rc-util@^5.0.0, rc-util@^5.0.1, rc-util@^5.0.5, rc-util@^5.0.6, rc-util@^5.0.7, rc-util@^5.1.0, rc-util@^5.2.0, rc-util@^5.2.1, rc-util@^5.3.0, rc-util@^5.4.0, rc-util@^5.5.0:
  version "5.5.1"
  resolved "https://registry.yarnpkg.com/rc-util/-/rc-util-5.5.1.tgz#8c75a115c09bd9b80ce17eb3457c9b221df6f526"
  integrity sha512-lnkBptu1RX65GO6jf28scbDMM/9MVl/hYI0uMEVM+cQ0ALLhFChDzgv7ciNpjayCH88wSDHTp6582es4tzJHhA==
  dependencies:
    react-is "^16.12.0"
    shallowequal "^1.1.0"

rc-virtual-list@^3.0.1, rc-virtual-list@^3.2.0:
  version "3.2.3"
  resolved "https://registry.yarnpkg.com/rc-virtual-list/-/rc-virtual-list-3.2.3.tgz#fec67ebe5956ac240b303f77dd2894c97e4f2902"
  integrity sha512-uEeYDQWwQhxR97SekPeGRbzPtHSbSpw/mYb6QpZZ9bA43kf7s1socV3fD3ySYhQVzo0I+/IUD9jFGit6FbM0WA==
  dependencies:
    classnames "^2.2.6"
    rc-resize-observer "^0.2.3"
    rc-util "^5.0.7"

react-is@^16.12.0, react-is@^16.7.0:
  version "16.13.1"
  resolved "https://registry.yarnpkg.com/react-is/-/react-is-16.13.1.tgz#789729a4dc36de2999dc156dd6c1d9c18cea56a4"
  integrity sha512-24e6ynE2H+OKt4kqsOvNd8kBpV65zoxbA4BVsEOB3ARVWQki/DHzaUoC5KuON/BiccDaCCTZBuOcfZs70kR8bQ==

react@^17.0.1:
  version "17.0.1"
  resolved "https://registry.yarnpkg.com/react/-/react-17.0.1.tgz#6e0600416bd57574e3f86d92edba3d9008726127"
  integrity sha512-lG9c9UuMHdcAexXtigOZLX8exLWkW0Ku29qPRU8uhF2R9BN96dLCt0psvzPLlHc5OWkgymP3qwTRgbnw5BKx3w==
  dependencies:
    loose-envify "^1.1.0"
    object-assign "^4.1.1"

regenerator-runtime@^0.13.4:
  version "0.13.7"
  resolved "https://registry.yarnpkg.com/regenerator-runtime/-/regenerator-runtime-0.13.7.tgz#cac2dacc8a1ea675feaabaeb8ae833898ae46f55"
  integrity sha512-a54FxoJDIr27pgf7IgeQGxmqUNYrcV338lf/6gH456HZ/PhX+5BcwHXG9ajESmwe6WRO0tAzRUrRmNONWgkrew==

resize-observer-polyfill@^1.5.0, resize-observer-polyfill@^1.5.1:
  version "1.5.1"
  resolved "https://registry.yarnpkg.com/resize-observer-polyfill/-/resize-observer-polyfill-1.5.1.tgz#0e9020dd3d21024458d4ebd27e23e40269810464"
  integrity sha512-LwZrotdHOo12nQuZlHEmtuXdqGoOD0OhaxopaNFxWzInpEgaLWoVuAMbTzixuosCx2nEG58ngzW3vxdWoxIgdg==

scroll-into-view-if-needed@^2.2.25:
  version "2.2.26"
  resolved "https://registry.yarnpkg.com/scroll-into-view-if-needed/-/scroll-into-view-if-needed-2.2.26.tgz#e4917da0c820135ff65ad6f7e4b7d7af568c4f13"
  integrity sha512-SQ6AOKfABaSchokAmmaxVnL9IArxEnLEX9j4wAZw+x4iUTb40q7irtHG3z4GtAWz5veVZcCnubXDBRyLVQaohw==
  dependencies:
    compute-scroll-into-view "^1.0.16"

shallowequal@^1.0.2, shallowequal@^1.1.0:
  version "1.1.0"
  resolved "https://registry.yarnpkg.com/shallowequal/-/shallowequal-1.1.0.tgz#188d521de95b9087404fd4dcb68b13df0ae4e7f8"
  integrity sha512-y0m1JoUZSlPAjXVtPPW70aZWfIL/dSP7AFkRnniLCrK/8MDKog3TySTBmckD+RObVxH0v4Tox67+F14PdED2oQ==

string-convert@^0.2.0:
  version "0.2.1"
  resolved "https://registry.yarnpkg.com/string-convert/-/string-convert-0.2.1.tgz#6982cc3049fbb4cd85f8b24568b9d9bf39eeff97"
  integrity sha1-aYLMMEn7tM2F+LJFaLnZvznu/5c=

toggle-selection@^1.0.6:
  version "1.0.6"
  resolved "https://registry.yarnpkg.com/toggle-selection/-/toggle-selection-1.0.6.tgz#6e45b1263f2017fa0acc7d89d78b15b8bf77da32"
  integrity sha1-bkWxJj8gF/oKzH2J14sVuL932jI=

warning@^4.0.1, warning@^4.0.3:
  version "4.0.3"
  resolved "https://registry.yarnpkg.com/warning/-/warning-4.0.3.tgz#16e9e077eb8a86d6af7d64aa1e05fd85b4678ca3"
  integrity sha512-rpJyN222KWIvHJ/F53XSZv0Zl/accqHR8et1kpaMTD/fLCRxtV8iX8czMzY7sVZupTI3zcUTg8eycS2kNF9l6w==
  dependencies:
    loose-envify "^1.0.0"
